
Microsoft Visual Studio Solution File, Format Version 12.00
# Visual Studio Version 16
VisualStudioVersion = 16.0.30621.155
MinimumVisualStudioVersion = 10.0.40219.1
Project("{8BC9CEB8-8B4A-11D0-8D11-00A0C91BC942}") = "semestr_project", "semestr_project\semestr_project.vcxproj", "{37DBB62F-E4D7-4B7B-B3EC-47DD4629D957}"
EndProject
Project("{8BC9CEB8-8B4A-11D0-8D11-00A0C91BC942}") = "courseworktest", "courseworktest\courseworktest.vcxproj", "{6F5DF9EA-A93F-46C8-8CA9-8385AA6D83EA}"
EndProject
Global
	GlobalSection(SolutionConfigurationPlatforms) = preSolution
		Debug|x64 = Debug|x64
		Debug|x86 = Debug|x86
		Release|x64 = Release|x64
		Release|x86 = Release|x86
	EndGlobalSection
	GlobalSection(ProjectConfigurationPlatforms) = postSolution
		{37DBB62F-E4D7-4B7B-B3EC-47DD4629D957}.Debug|x64.ActiveCfg = Debug|x64
		{37DBB62F-E4D7-4B7B-B3EC-47DD4629D957}.Debug|x64.Build.0 = Debug|x64
		{37DBB62F-E4D7-4B7B-B3EC-47DD4629D957}.Debug|x86.ActiveCfg = Debug|Win32
		{37DBB62F-E4D7-4B7B-B3EC-47DD4629D957}.Debug|x86.Build.0 = Debug|Win32
		{37DBB62F-E4D7-4B7B-B3EC-47DD4629D957}.Release|x64.ActiveCfg = Release|x64
		{37DBB62F-E4D7-4B7B-B3EC-47DD4629D957}.Release|x64.Build.0 = Release|x64
		{37DBB62F-E4D7-4B7B-B3EC-47DD4629D957}.Release|x86.ActiveCfg = Release|Win32
		{37DBB62F-E4D7-4B7B-B3EC-47DD4629D957}.Release|x86.Build.0 = Release|Win32
		{6F5DF9EA-A93F-46C8-8CA9-8385AA6D83EA}.Debug|x64.ActiveCfg = Debug|x64
		{6F5DF9EA-A93F-46C8-8CA9-8385AA6D83EA}.Debug|x64.Build.0 = Debug|x64
		{6F5DF9EA-A93F-46C8-8CA9-8385AA6D83EA}.Debug|x86.ActiveCfg = Debug|Win32
		{6F5DF9EA-A93F-46C8-8CA9-8385AA6D83EA}.Debug|x86.Build.0 = Debug|Win32
		{6F5DF9EA-A93F-46C8-8CA9-8385AA6D83EA}.Release|x64.ActiveCfg = Release|x64
		{6F5DF9EA-A93F-46C8-8CA9-8385AA6D83EA}.Release|x64.Build.0 = Release|x64
		{6F5DF9EA-A93F-46C8-8CA9-8385AA6D83EA}.Release|x86.ActiveCfg = Release|Win32
		{6F5DF9EA-A93F-46C8-8CA9-8385AA6D83EA}.Release|x86.Build.0 = Release|Win32
	EndGlobalSection
	GlobalSection(SolutionProperties) = preSolution
		HideSolutionNode = FALSE
	EndGlobalSection
	GlobalSection(ExtensibilityGlobals) = postSolution
		SolutionGuid = {867A3BA7-E2B6-40EC-A985-FC99E803BFBA}
	EndGlobalSection
EndGlobal
